{
  "lockfileVersion": 1,
  "configVersion": 1,
  "workspaces": {
    "": {
      "name": "flexweave",
      "devDependencies": {
        "oxfmt": "^0.46.0",
        "oxlint": "^1.60.0",
        "typescript": "^6.0.3",
        "ultracite": "7.6.1",
      },
    },
    "studio": {
      "name": "@flexweave/studio",
      "version": "0.0.0",
      "bin": {
        "flexweave-studio": "./src/cli/main.ts",
      },
    },
    "studio/app": {
      "name": "@flexweave/studio-app",
      "version": "0.0.0",
      "dependencies": {
        "@flexweave/studio": "workspace:*",
      },
    },
  },
  "packages": {
    "@clack/core": ["@clack/core@1.4.1", "", { "dependencies": { "fast-wrap-ansi": "^0.2.0", "sisteransi": "^1.0.5" } }, "sha512-FILJa1gGKEFTGZAJE9RpVhrjKz3c3h4ar60dSv6cGuDqufQ84YEIS3GAGvZiN+H6yaLbbvTFNejjCC4tXpZEuw=="],

    "@clack/prompts": ["@clack/prompts@1.5.1", "", { "dependencies": { "@clack/core": "1.4.1", "fast-string-width": "^3.0.2", "fast-wrap-ansi": "^0.2.0", "sisteransi": "^1.0.5" } }, "sha512-zccHj2z2oCCO4yrDiRSlFOxWerGqRiysP7a5jPK6uoI9URKAquwY42Dd/iUP8JWHxEzdRe4TlbvZCo8z1/mhrw=="],

    "@flexweave/studio": ["@flexweave/studio@workspace:studio"],

    "@flexweave/studio-app": ["@flexweave/studio-app@workspace:studio/app"],

    "@oxfmt/binding-android-arm-eabi": ["@oxfmt/binding-android-arm-eabi@0.46.0", "", { "os": "android", "cpu": "arm" }, "sha512-b1doV4WRcJU+BESSlCvCjV+5CEr/T6h0frArAdV26Nir+gGNFNaylvDiiMPfF1pxeV0txZEs38ojzJaxBYg+ng=="],

    "@oxfmt/binding-android-arm64": ["@oxfmt/binding-android-arm64@0.46.0", "", { "os": "android", "cpu": "arm64" }, "sha512-v6+HhjsoV3GO0u2u9jLSAZrvWfTraDxKofUIQ7/ktS7tzS+epVsxdHmeM+XxuNcAY/nWxxU1Sg4JcGTNRXraBA=="],

    "@oxfmt/binding-darwin-arm64": ["@oxfmt/binding-darwin-arm64@0.46.0", "", { "os": "darwin", "cpu": "arm64" }, "sha512-3eeooJGrqGIlI5MyryDZsAcKXSmKIgAD4yYtfRrRJzXZ0UTFZtiSveIur56YPrGMYZwT4XyVhHsMqrNwr1XeFA=="],

    "@oxfmt/binding-darwin-x64": ["@oxfmt/binding-darwin-x64@0.46.0", "", { "os": "darwin", "cpu": "x64" }, "sha512-QG8BDM0CXWbu84k2SKmCqfEddPQPFiBicwtYnLqHRWZZl57HbtOLRMac/KTq2NO4AEc4ICCBpFxJIV9zcqYfkQ=="],

    "@oxfmt/binding-freebsd-x64": ["@oxfmt/binding-freebsd-x64@0.46.0", "", { "os": "freebsd", "cpu": "x64" }, "sha512-9DdCqS/n2ncu/Chazvt3cpgAjAmIGQDz7hFKSrNItMApyV/Ja9mz3hD4JakIE3nS8PW9smEbPWnb389QLBY4nw=="],

    "@oxfmt/binding-linux-arm-gnueabihf": ["@oxfmt/binding-linux-arm-gnueabihf@0.46.0", "", { "os": "linux", "cpu": "arm" }, "sha512-Dgs7VeE2jT0LHMhw6tPEt0xQYe54kBqHEovmWsv4FVQlegCOvlIJNx0S8n4vj8WUtpT+Z6BD2HhKJPLglLxvZg=="],

    "@oxfmt/binding-linux-arm-musleabihf": ["@oxfmt/binding-linux-arm-musleabihf@0.46.0", "", { "os": "linux", "cpu": "arm" }, "sha512-Zxn3adhTH13JKnU4xXJj8FeEfF680XjXh3gSShKl57HCMBRde2tUJTgogV/1MSHA80PJEVrDa7r66TLVq3Ia7Q=="],

    "@oxfmt/binding-linux-arm64-gnu": ["@oxfmt/binding-linux-arm64-gnu@0.46.0", "", { "os": "linux", "cpu": "arm64" }, "sha512-+TWipjrgVM8D7aIdDD0tlr3teLTTvQTn7QTE5BpT10H1Fj82gfdn9X6nn2sDgx/MepuSCfSnzFNJq2paLL0OiA=="],

    "@oxfmt/binding-linux-arm64-musl": ["@oxfmt/binding-linux-arm64-musl@0.46.0", "", { "os": "linux", "cpu": "arm64" }, "sha512-aAUPBWJ1lGwwnxZUEDLJ94+Iy6MuwJwPxUgO4sCA5mEEyDk7b+cDQ+JpX1VR150Zoyd+D49gsrUzpUK5h587Eg=="],

    "@oxfmt/binding-linux-ppc64-gnu": ["@oxfmt/binding-linux-ppc64-gnu@0.46.0", "", { "os": "linux", "cpu": "ppc64" }, "sha512-ufBCJukyFX/UDrokP/r6BGDoTInnsDs7bxyzKAgMiZlt2Qu8GPJSJ6Zm6whIiJzKk0naxA8ilwmbO1LMw6Htxw=="],

    "@oxfmt/binding-linux-riscv64-gnu": ["@oxfmt/binding-linux-riscv64-gnu@0.46.0", "", { "os": "linux", "cpu": "none" }, "sha512-eqtlC2YmPqjun76R1gVfGLuKWx7NuEnLEAudZ7n6ipSKbCZTqIKSs1b5Y8K/JHZsRpLkeSmAAjig5HOIg8fQzQ=="],

    "@oxfmt/binding-linux-riscv64-musl": ["@oxfmt/binding-linux-riscv64-musl@0.46.0", "", { "os": "linux", "cpu": "none" }, "sha512-yccVOO2nMXkQLGgy0He3EQEwKD7NF0zEk+/OWmroznkqXyJdN6bfK0LtNnr6/14Bh3FjpYq7bP33l/VloCnxpA=="],

    "@oxfmt/binding-linux-s390x-gnu": ["@oxfmt/binding-linux-s390x-gnu@0.46.0", "", { "os": "linux", "cpu": "s390x" }, "sha512-aAf7fG23OQCey6VRPj9IeCraoYtpgtx0ZyJ1CXkPyT1wjzBE7c3xtuxHe/AdHaJfVVb/SXpSk8Gl1LzyQupSqw=="],

    "@oxfmt/binding-linux-x64-gnu": ["@oxfmt/binding-linux-x64-gnu@0.46.0", "", { "os": "linux", "cpu": "x64" }, "sha512-q0JPsTMyJNjYrBvYFDz4WbVsafNZaPCZv4RnFypRotLqpKROtBZcEaXQW4eb9YmvLU3NckVemLJnzkSZSdmOxw=="],

    "@oxfmt/binding-linux-x64-musl": ["@oxfmt/binding-linux-x64-musl@0.46.0", "", { "os": "linux", "cpu": "x64" }, "sha512-7LsLY9Cw57GPkhSR+duI3mt9baRczK/DtHYSldQ4BEU92da9igBQNl4z7Vq5U9NNPsh1FmpKvv1q9WDtiUQR1A=="],

    "@oxfmt/binding-openharmony-arm64": ["@oxfmt/binding-openharmony-arm64@0.46.0", "", { "os": "none", "cpu": "arm64" }, "sha512-lHiBOz8Duaku7JtRNLlps3j++eOaICPZSd8FCVmTDM4DFOPT71Bjn7g6iar1z7StXlKRweUKxWUs4sA+zWGDXg=="],

    "@oxfmt/binding-win32-arm64-msvc": ["@oxfmt/binding-win32-arm64-msvc@0.46.0", "", { "os": "win32", "cpu": "arm64" }, "sha512-/5ktYUliP89RhgC37DBH1x20U5zPSZMy3cMEcO0j3793rbHP9MWsknBwQB6eozRzWmYrh0IFM/p20EbPvDlYlg=="],

    "@oxfmt/binding-win32-ia32-msvc": ["@oxfmt/binding-win32-ia32-msvc@0.46.0", "", { "os": "win32", "cpu": "ia32" }, "sha512-3WTnoiuIr8XvV0DIY7SN+1uJSwKf4sPpcbHfobcRT9JutGcLaef/miyBB87jxd3aqH+mS0+G5lsgHuXLUwjjpQ=="],

    "@oxfmt/binding-win32-x64-msvc": ["@oxfmt/binding-win32-x64-msvc@0.46.0", "", { "os": "win32", "cpu": "x64" }, "sha512-IXxiQpkYnOwNfP23vzwSfhdpxJzyiPTY7eTn6dn3DsriKddESzM8i6kfq9R7CD/PUJwCvQT22NgtygBeug3KoA=="],

    "@oxlint/binding-android-arm-eabi": ["@oxlint/binding-android-arm-eabi@1.69.0", "", { "os": "android", "cpu": "arm" }, "sha512-DKQQbD5cZ/MYfDgDI7YGyGD9FSxABlsBsYFo5p26lloob543tP9+4N3guwdXIYJN+7HSZxLe8YJuwcOWw5qnHg=="],

    "@oxlint/binding-android-arm64": ["@oxlint/binding-android-arm64@1.69.0", "", { "os": "android", "cpu": "arm64" }, "sha512-lEhb+I5pr4inux+JFwfCa1HRq3Os7NirEFQ0H1I35SVEHPm6byX0Ah47xmRha3qi6LAkxUcxViL8o/9PivjzBg=="],

    "@oxlint/binding-darwin-arm64": ["@oxlint/binding-darwin-arm64@1.69.0", "", { "os": "darwin", "cpu": "arm64" }, "sha512-GY2YE8lOZW59BW1Ia1y+1gR0XyjrZRvVWHAr8LGeGhYHE0OQJ/7cRKXTkx1P+E9/6awEc3SX8a68SFTjh/E//A=="],

    "@oxlint/binding-darwin-x64": ["@oxlint/binding-darwin-x64@1.69.0", "", { "os": "darwin", "cpu": "x64" }, "sha512-ax1oZnOjHX3LB7myQyHEaQkDwfLb6str3/nSP6O7EVUviQGNkEGzGV0EqcBJWK+Ufwx0l4xPgyYayurvhAdl2Q=="],

    "@oxlint/binding-freebsd-x64": ["@oxlint/binding-freebsd-x64@1.69.0", "", { "os": "freebsd", "cpu": "x64" }, "sha512-kHWeHv4g2h8NY+mpCxzCtY4uerMJWTN/TSnNj1CPbakFpHEJ6cTya2wWV0pDSYWOJ2+0UiEbhn3AtXxHtsnKjg=="],

    "@oxlint/binding-linux-arm-gnueabihf": ["@oxlint/binding-linux-arm-gnueabihf@1.69.0", "", { "os": "linux", "cpu": "arm" }, "sha512-gq84vM1a1oEehXo27YCDzGVcxPsZDI1yswZwz2Da1/cbnWtrL16XZZnz0G/+gIU8edtHpfjxq5c+vWEHqJfWoQ=="],

    "@oxlint/binding-linux-arm-musleabihf": ["@oxlint/binding-linux-arm-musleabihf@1.69.0", "", { "os": "linux", "cpu": "arm" }, "sha512-kIqEa98JQ0VRyrcncxA417m2AzasqTlD+FyVT1AksjvjkqQcvm7pBWYvoW3/mpyOP2XYvi5nSCCTIe6De1yu5g=="],

    "@oxlint/binding-linux-arm64-gnu": ["@oxlint/binding-linux-arm64-gnu@1.69.0", "", { "os": "linux", "cpu": "arm64" }, "sha512-j+xYiXozxGWx2cpjCrwwGR4awTxPFsRv3JZrv23RCogEPMc4R7UqjHW47p/RG0aRlbWiROCJ8coUfCwy0dvzHA=="],

    "@oxlint/binding-linux-arm64-musl": ["@oxlint/binding-linux-arm64-musl@1.69.0", "", { "os": "linux", "cpu": "arm64" }, "sha512-xEPpNppTfN1l/nM7gYSf9iocscu/as+p/7vxkLeLEKnYU+09Dm+5V6IhDYDh+Uz6FajEupWwCLt5SOG0y1PCKg=="],

    "@oxlint/binding-linux-ppc64-gnu": ["@oxlint/binding-linux-ppc64-gnu@1.69.0", "", { "os": "linux", "cpu": "ppc64" }, "sha512-Ug0+eU7HJBlek+SjklYH62IlOMirEJsdxpihH0kSqX0XdrDD4NdHpQc10fK1JC35yn6KrrcN+uYzlHD38XAf8Q=="],

    "@oxlint/binding-linux-riscv64-gnu": ["@oxlint/binding-linux-riscv64-gnu@1.69.0", "", { "os": "linux", "cpu": "none" }, "sha512-iEyI3GIg0l/s3G4qy2TlaaWKdzj4PJJStwtlocpDTC00PY9hZueotf6OKUj9+yfQh0lrpBW/pLMgTztbAHKJEg=="],

    "@oxlint/binding-linux-riscv64-musl": ["@oxlint/binding-linux-riscv64-musl@1.69.0", "", { "os": "linux", "cpu": "none" }, "sha512-NjHjpiI4WIKSMwuoJSZi5VToPeoYOS1FR52HLIDG6lidMdqquusgtODb4iLk0+lb1q3Z0nv2/aPRcC/olmpQGg=="],

    "@oxlint/binding-linux-s390x-gnu": ["@oxlint/binding-linux-s390x-gnu@1.69.0", "", { "os": "linux", "cpu": "s390x" }, "sha512-Ai/prDewoItkDXbp38gwGZi41DycZbUTZJ3UidwoHgQC0/DaqC2TGdtBTQLJ6hSD+SAxASzh8+/eSBPmxfOacA=="],

    "@oxlint/binding-linux-x64-gnu": ["@oxlint/binding-linux-x64-gnu@1.69.0", "", { "os": "linux", "cpu": "x64" }, "sha512-Gt3KHgp46mRKz4sJeaASmKvD8ayXookRw07RMf+NowhEztGGDZ7VrXpoW96XuKJLjFukWizOFVNjmYb/u7caNQ=="],

    "@oxlint/binding-linux-x64-musl": ["@oxlint/binding-linux-x64-musl@1.69.0", "", { "os": "linux", "cpu": "x64" }, "sha512-7tQhJ2+p/oHv1zcfnjYI7YVzC/7iBaVOfIvFYtxdJ5F45mWgEdrCyXZXZGfiLey5t/5JhOhsaMnnv1kAzckd7g=="],

    "@oxlint/binding-openharmony-arm64": ["@oxlint/binding-openharmony-arm64@1.69.0", "", { "os": "none", "cpu": "arm64" }, "sha512-vmWz6TKp/3hfA4lksR0zHBv/6xuX1jhym6eqOjdH2DXsDDHZWcp2f0KG0VCAnlVbIrjk29G4wAWMXb/Hn1YobA=="],

    "@oxlint/binding-win32-arm64-msvc": ["@oxlint/binding-win32-arm64-msvc@1.69.0", "", { "os": "win32", "cpu": "arm64" }, "sha512-9RExaLgmaw6IoIkU9cTpT71mLfI0xZ86iZH8x518LVsOkjquJMYqb9P7KpC8lgd1t0Dxs41p2pxynq4XR3Ttzw=="],

    "@oxlint/binding-win32-ia32-msvc": ["@oxlint/binding-win32-ia32-msvc@1.69.0", "", { "os": "win32", "cpu": "ia32" }, "sha512-1907kRPF8/PrcIw1E7LMs9JbVrpgnt/MvFdss3an8oDkYNAACXzTntV3t3869ZZhMZxb2AzRGbz1pA/jdFatXA=="],

    "@oxlint/binding-win32-x64-msvc": ["@oxlint/binding-win32-x64-msvc@1.69.0", "", { "os": "win32", "cpu": "x64" }, "sha512-w8SOXv3mT9Fi6jY8OXdXCfnvX/3KNLXGNr4HEz2TA7S4Mv/PYAOmpB8y/ge40mxvBMgGNaSaaDwZpAsQn7HtWA=="],

    "balanced-match": ["balanced-match@4.0.4", "", {}, "sha512-BLrgEcRTwX2o6gGxGOCNyMvGSp35YofuYzw9h1IMTRmKqttAZZVU67bdb9Pr2vUHA8+j3i2tJfjO6C6+4myGTA=="],

    "brace-expansion": ["brace-expansion@5.0.6", "", { "dependencies": { "balanced-match": "^4.0.2" } }, "sha512-kLpxurY4Z4r9sgMsyG0Z9uzsBlgiU/EFKhj/h91/8yHu0edo7XuixOIH3VcJ8kkxs6/jPzoI6U9Vj3WqbMQ94g=="],

    "citty": ["citty@0.2.2", "", {}, "sha512-+6vJA3L98yv+IdfKGZHBNiGW5KHn22e/JwID0Strsz8h4S/csAu/OuICwxrg44k5MRiZHWIo8XXuJgQTriRP4w=="],

    "commander": ["commander@14.0.3", "", {}, "sha512-H+y0Jo/T1RZ9qPP4Eh1pkcQcLRglraJaSLoyOtHxu6AapkjWVCy2Sit1QQ4x3Dng8qDlSsZEet7g5Pq06MvTgw=="],

    "cross-spawn": ["cross-spawn@7.0.6", "", { "dependencies": { "path-key": "^3.1.0", "shebang-command": "^2.0.0", "which": "^2.0.1" } }, "sha512-uV2QOWP2nWzsy2aMp8aRibhi9dlzF5Hgh5SHaB9OiTGEyDTiJJyx0uy51QXdyWbtAHNua4XJzUKca3OzKUd3vA=="],

    "deepmerge": ["deepmerge@4.3.1", "", {}, "sha512-3sUqbMEc77XqpdNO7FRyRog+eW3ph+GYCbj+rK+uYyRMuwsVy0rMiVtPn+QJlKFvWP/1PYpapqYn0Me2knFn+A=="],

    "fast-string-truncated-width": ["fast-string-truncated-width@3.0.3", "", {}, "sha512-0jjjIEL6+0jag3l2XWWizO64/aZVtpiGE3t0Zgqxv0DPuxiMjvB3M24fCyhZUO4KomJQPj3LTSUnDP3GpdwC0g=="],

    "fast-string-width": ["fast-string-width@3.0.2", "", { "dependencies": { "fast-string-truncated-width": "^3.0.2" } }, "sha512-gX8LrtNEI5hq8DVUfRQMbr5lpaS4nMIWV+7XEbXk2b8kiQIizgnlr12B4dA3ZEx3308ze0O4Q1R+cHts8kyUJg=="],

    "fast-wrap-ansi": ["fast-wrap-ansi@0.2.2", "", { "dependencies": { "fast-string-width": "^3.0.2" } }, "sha512-7F2Fl+TjRSenLqlU3UjSH0iyqopqoZIu7eZVpEirP2g1GtWa2G/ecEmBdgz31+Mxr+ELclgg6sokpSFIQiZ02Q=="],

    "glob": ["glob@13.0.6", "", { "dependencies": { "minimatch": "^10.2.2", "minipass": "^7.1.3", "path-scurry": "^2.0.2" } }, "sha512-Wjlyrolmm8uDpm/ogGyXZXb1Z+Ca2B8NbJwqBVg0axK9GbBeoS7yGV6vjXnYdGm6X53iehEuxxbyiKp8QmN4Vw=="],

    "isexe": ["isexe@2.0.0", "", {}, "sha512-RHxMLp9lnKHGHRng9QFhRCMbYAcVpn69smSGcq3f36xjgVVWThj4qqLbTLlq7Ssj8B+fIQ1EuCEGI2lKsyQeIw=="],

    "jsonc-parser": ["jsonc-parser@3.3.1", "", {}, "sha512-HUgH65KyejrUFPvHFPbqOY0rsFip3Bo5wb4ngvdi1EpCYWUQDC5V+Y7mZws+DLkr4M//zQJoanu1SP+87Dv1oQ=="],

    "lru-cache": ["lru-cache@11.5.1", "", {}, "sha512-RPimw/7aMdv2oqRrxKwvZXcPfwBrn/JZ2xYcY9Hus/6LaS3VOAKVWKWgNLCFSiOm1ESXinjsDlidVU7JlnCN2A=="],

    "minimatch": ["minimatch@10.2.5", "", { "dependencies": { "brace-expansion": "^5.0.5" } }, "sha512-MULkVLfKGYDFYejP07QOurDLLQpcjk7Fw+7jXS2R2czRQzR56yHRveU5NDJEOviH+hETZKSkIk5c+T23GjFUMg=="],

    "minipass": ["minipass@7.1.3", "", {}, "sha512-tEBHqDnIoM/1rXME1zgka9g6Q2lcoCkxHLuc7ODJ5BxbP5d4c2Z5cGgtXAku59200Cx7diuHTOYfSBD8n6mm8A=="],

    "nypm": ["nypm@0.6.7", "", { "dependencies": { "citty": "^0.2.2", "pathe": "^2.0.3", "tinyexec": "^1.2.4" }, "bin": { "nypm": "./dist/cli.mjs" } }, "sha512-s3ds97SD5pd1dULE+tHUk1DrV0cSHOnsfpcdGATJ8JpBo21DoKqN9exTH4/2nhPQNOLomBdTFMicN94S4DrZrQ=="],

    "oxfmt": ["oxfmt@0.46.0", "", { "dependencies": { "tinypool": "2.1.0" }, "optionalDependencies": { "@oxfmt/binding-android-arm-eabi": "0.46.0", "@oxfmt/binding-android-arm64": "0.46.0", "@oxfmt/binding-darwin-arm64": "0.46.0", "@oxfmt/binding-darwin-x64": "0.46.0", "@oxfmt/binding-freebsd-x64": "0.46.0", "@oxfmt/binding-linux-arm-gnueabihf": "0.46.0", "@oxfmt/binding-linux-arm-musleabihf": "0.46.0", "@oxfmt/binding-linux-arm64-gnu": "0.46.0", "@oxfmt/binding-linux-arm64-musl": "0.46.0", "@oxfmt/binding-linux-ppc64-gnu": "0.46.0", "@oxfmt/binding-linux-riscv64-gnu": "0.46.0", "@oxfmt/binding-linux-riscv64-musl": "0.46.0", "@oxfmt/binding-linux-s390x-gnu": "0.46.0", "@oxfmt/binding-linux-x64-gnu": "0.46.0", "@oxfmt/binding-linux-x64-musl": "0.46.0", "@oxfmt/binding-openharmony-arm64": "0.46.0", "@oxfmt/binding-win32-arm64-msvc": "0.46.0", "@oxfmt/binding-win32-ia32-msvc": "0.46.0", "@oxfmt/binding-win32-x64-msvc": "0.46.0" }, "bin": { "oxfmt": "bin/oxfmt" } }, "sha512-CopwJOwPAjZ9p76fCvz+mSOJTw9/NY3cSksZK3VO/bUQ8UoEcketNgUuYS0UB3p+R9XnXe7wGGXUmyFxc7QxJA=="],

    "oxlint": ["oxlint@1.69.0", "", { "optionalDependencies": { "@oxlint/binding-android-arm-eabi": "1.69.0", "@oxlint/binding-android-arm64": "1.69.0", "@oxlint/binding-darwin-arm64": "1.69.0", "@oxlint/binding-darwin-x64": "1.69.0", "@oxlint/binding-freebsd-x64": "1.69.0", "@oxlint/binding-linux-arm-gnueabihf": "1.69.0", "@oxlint/binding-linux-arm-musleabihf": "1.69.0", "@oxlint/binding-linux-arm64-gnu": "1.69.0", "@oxlint/binding-linux-arm64-musl": "1.69.0", "@oxlint/binding-linux-ppc64-gnu": "1.69.0", "@oxlint/binding-linux-riscv64-gnu": "1.69.0", "@oxlint/binding-linux-riscv64-musl": "1.69.0", "@oxlint/binding-linux-s390x-gnu": "1.69.0", "@oxlint/binding-linux-x64-gnu": "1.69.0", "@oxlint/binding-linux-x64-musl": "1.69.0", "@oxlint/binding-openharmony-arm64": "1.69.0", "@oxlint/binding-win32-arm64-msvc": "1.69.0", "@oxlint/binding-win32-ia32-msvc": "1.69.0", "@oxlint/binding-win32-x64-msvc": "1.69.0" }, "peerDependencies": { "oxlint-tsgolint": ">=0.22.1", "vite-plus": "*" }, "optionalPeers": ["oxlint-tsgolint", "vite-plus"], "bin": { "oxlint": "bin/oxlint" } }, "sha512-ypZkK/aDc5NQV8zIR6s2H2Tl3aNW8FmJ1m9+2qsaYuRenl8vgnHNCGwTHviWJdUQzglOlHFchgopdtGhSy17Rw=="],

    "path-key": ["path-key@3.1.1", "", {}, "sha512-ojmeN0qd+y0jszEtoY48r0Peq5dwMEkIlCOu6Q5f41lfkswXuKtYrhgoTpLnyIcHm24Uhqx+5Tqm2InSwLhE6Q=="],

    "path-scurry": ["path-scurry@2.0.2", "", { "dependencies": { "lru-cache": "^11.0.0", "minipass": "^7.1.2" } }, "sha512-3O/iVVsJAPsOnpwWIeD+d6z/7PmqApyQePUtCndjatj/9I5LylHvt5qluFaBT3I5h3r1ejfR056c+FCv+NnNXg=="],

    "pathe": ["pathe@2.0.3", "", {}, "sha512-WUjGcAqP1gQacoQe+OBJsFA7Ld4DyXuUIjZ5cc75cLHvJ7dtNsTugphxIADwspS+AraAUePCKrSVtPLFj/F88w=="],

    "shebang-command": ["shebang-command@2.0.0", "", { "dependencies": { "shebang-regex": "^3.0.0" } }, "sha512-kHxr2zZpYtdmrN1qDjrrX/Z1rR1kG8Dx+gkpK1G4eXmvXswmcE1hTWBWYUzlraYw1/yZp6YuDY77YtvbN0dmDA=="],

    "shebang-regex": ["shebang-regex@3.0.0", "", {}, "sha512-7++dFhtcx3353uBaq8DDR4NuxBetBzC7ZQOhmTQInHEd6bSrXdiEyzCvG07Z44UYdLShWUyXt5M/yhz8ekcb1A=="],

    "sisteransi": ["sisteransi@1.0.5", "", {}, "sha512-bLGGlR1QxBcynn2d5YmDX4MGjlZvy2MRBDRNHLJ8VI6l6+9FUiyTFNJ0IveOSP0bcXgVDPRcfGqA0pjaqUpfVg=="],

    "tinyexec": ["tinyexec@1.2.4", "", {}, "sha512-SHf/r48b7vOrjve9PxJo3MN5v5yuyjHvdUcrQffT3WXMUfnGmHDVbC4k3sHJaJTgZCwpUplIaAo5ANtMyp3YHg=="],

    "tinypool": ["tinypool@2.1.0", "", {}, "sha512-Pugqs6M0m7Lv1I7FtxN4aoyToKg1C4tu+/381vH35y8oENM/Ai7f7C4StcoK4/+BSw9ebcS8jRiVrORFKCALLw=="],

    "typescript": ["typescript@6.0.3", "", { "bin": { "tsc": "bin/tsc", "tsserver": "bin/tsserver" } }, "sha512-y2TvuxSZPDyQakkFRPZHKFm+KKVqIisdg9/CZwm9ftvKXLP8NRWj38/ODjNbr43SsoXqNuAisEf1GdCxqWcdBw=="],

    "ultracite": ["ultracite@7.6.1", "", { "dependencies": { "@clack/prompts": "^1.2.0", "commander": "^14.0.3", "cross-spawn": "^7.0.6", "deepmerge": "^4.3.1", "glob": "^13.0.6", "jsonc-parser": "^3.3.1", "nypm": "^0.6.5", "yaml": "^2.8.3", "zod": "^4.3.6" }, "peerDependencies": { "oxfmt": ">=0.1.0", "oxlint": "^1.0.0" }, "optionalPeers": ["oxfmt", "oxlint"], "bin": { "ultracite": "dist/index.js" } }, "sha512-flfiWIwxiBFLgRed6yHQOAOpBvwtvwdpSO5YWj5txmpbUutZOADqCX7WZDtAFG+BlttYkwvRD9lyewQWyPQ1vA=="],

    "which": ["which@2.0.2", "", { "dependencies": { "isexe": "^2.0.0" }, "bin": { "node-which": "./bin/node-which" } }, "sha512-BLI3Tl1TW3Pvl70l3yq3Y64i+awpwXqsGBYWkkqMtnbXgrMD+yj7rhW0kuEDxzJaYXGjEW5ogapKNMEKNMjibA=="],

    "yaml": ["yaml@2.9.0", "", { "bin": { "yaml": "bin.mjs" } }, "sha512-2AvhNX3mb8zd6Zy7INTtSpl1F15HW6Wnqj0srWlkKLcpYl/gMIMJiyuGq2KeI2YFxUPjdlB+3Lc10seMLtL4cA=="],

    "zod": ["zod@4.4.3", "", {}, "sha512-ytENFjIJFl2UwYglde2jchW2Hwm4GJFLDiSXWdTrJQBIN9Fcyp7n4DhxJEiWNAJMV1/BqWfW/kkg71UDcHJyTQ=="],
  }
}
